<?xml version="1.0" encoding="UTF-8"?>
<Scheme
   version = "1.3">
   <BuildAction>
      <BuildActionEntries>
         <BuildActionEntry
            buildForRunning = "YES">
            <BuildableReference
               BuildableIdentifier = "primary"
               BlueprintIdentifier = "64884C0A1CF6457C008CB2B9"
               BuildableName = "Unplanned.app"
               BlueprintName = "Unplanned"
               ReferencedContainer = "container:Unplanned.xcodeproj">
            </BuildableReference>
         </BuildActionEntry>
      </BuildActionEntries>
   </BuildAction>
   <LaunchAction
      useCustomWorkingDirectory = "NO"
      buildConfiguration = "Debug">
      <BuildableProductRunnable>
         <BuildableReference
            BuildableIdentifier = "primary"
            BlueprintIdentifier = "64884C0A1CF6457C008CB2B9"
            BuildableName = "Unplanned.app"
            BlueprintName = "Unplanned"
            ReferencedContainer = "container:Unplanned.xcodeproj">
         </BuildableReference>
      </BuildableProductRunnable>
   </LaunchAction>
</Scheme>
